
Microsoft Visual Studio Solution File, Format Version 12.00
# Visual Studio 14
VisualStudioVersion = 14.0.25123.0
MinimumVisualStudioVersion = 10.0.40219.1
Project("{8BB2217D-0F2D-49D1-97BC-3654ED321F3B}") = "BusinessLogic", "BusinessLogic\BusinessLogic.xproj", "{A11D5619-81BF-4832-9BE9-10F992189520}"
EndProject
Project("{8BB2217D-0F2D-49D1-97BC-3654ED321F3B}") = "Common", "Common\Common.xproj", "{C307571A-F808-472F-ACCF-C646DBB08386}"
EndProject
Project("{8BB2217D-0F2D-49D1-97BC-3654ED321F3B}") = "BusinessLogic.Tests", "BusinessLogic.Tests\BusinessLogic.Tests.xproj", "{A1F3EB0B-89F6-4F62-A72E-230515B87273}"
EndProject
Global
	GlobalSection(SolutionConfigurationPlatforms) = preSolution
		Debug|Any CPU = Debug|Any CPU
		Release|Any CPU = Release|Any CPU
	EndGlobalSection
	GlobalSection(ProjectConfigurationPlatforms) = postSolution
		{A11D5619-81BF-4832-9BE9-10F992189520}.Debug|Any CPU.ActiveCfg = Debug|Any CPU
		{A11D5619-81BF-4832-9BE9-10F992189520}.Debug|Any CPU.Build.0 = Debug|Any CPU
		{A11D5619-81BF-4832-9BE9-10F992189520}.Release|Any CPU.ActiveCfg = Release|Any CPU
		{A11D5619-81BF-4832-9BE9-10F992189520}.Release|Any CPU.Build.0 = Release|Any CPU
		{C307571A-F808-472F-ACCF-C646DBB08386}.Debug|Any CPU.ActiveCfg = Debug|Any CPU
		{C307571A-F808-472F-ACCF-C646DBB08386}.Debug|Any CPU.Build.0 = Debug|Any CPU
		{C307571A-F808-472F-ACCF-C646DBB08386}.Release|Any CPU.ActiveCfg = Release|Any CPU
		{C307571A-F808-472F-ACCF-C646DBB08386}.Release|Any CPU.Build.0 = Release|Any CPU
		{A1F3EB0B-89F6-4F62-A72E-230515B87273}.Debug|Any CPU.ActiveCfg = Debug|Any CPU
		{A1F3EB0B-89F6-4F62-A72E-230515B87273}.Debug|Any CPU.Build.0 = Debug|Any CPU
		{A1F3EB0B-89F6-4F62-A72E-230515B87273}.Release|Any CPU.ActiveCfg = Release|Any CPU
		{A1F3EB0B-89F6-4F62-A72E-230515B87273}.Release|Any CPU.Build.0 = Release|Any CPU
	EndGlobalSection
	GlobalSection(SolutionProperties) = preSolution
		HideSolutionNode = FALSE
	EndGlobalSection
EndGlobal
